{
  "name": "blazor-wasm-ext-mud-blazor",
  "version": "0.1.0",
  "lockfileVersion": 2,
  "requires": true,
  "packages": {
    "": {
      "name": "blazor-wasm-ext-mud-blazor",
      "version": "0.1.0",
      "license": "MIT",
      "devDependencies": {
        "blazor-wasm-single-spa": "^0.4.1",
        "typescript": "^5.3.3"
      }
    },
    "node_modules/blazor-wasm-single-spa": {
      "version": "0.4.1",
      "resolved": "https://registry.npmjs.org/blazor-wasm-single-spa/-/blazor-wasm-single-spa-0.4.1.tgz",
      "integrity": "sha512-AISapNWHlAZIWxMw9solJ5n6oebfZ554M1LOQj4EzMI3vox03ss/Yy0MZsrbV9evmxaPSF+gdSoG3z3mIEXBog==",
      "dev": true
    },
    "node_modules/typescript": {
      "version": "5.3.3",
      "resolved": "https://registry.npmjs.org/typescript/-/typescript-5.3.3.tgz",
      "integrity": "sha512-pXWcraxM0uxAS+tN0AG/BF2TyqmHO014Z070UsJ+pFvYuRSq8KH8DmWpnbXe0pEPDHXZV3FcAbJkijJ5oNEnWw==",
      "dev": true,
      "bin": {
        "tsc": "bin/tsc",
        "tsserver": "bin/tsserver"
      },
      "engines": {
        "node": ">=14.17"
      }
    }
  },
  "dependencies": {
    "blazor-wasm-single-spa": {
      "version": "0.4.1",
      "resolved": "https://registry.npmjs.org/blazor-wasm-single-spa/-/blazor-wasm-single-spa-0.4.1.tgz",
      "integrity": "sha512-AISapNWHlAZIWxMw9solJ5n6oebfZ554M1LOQj4EzMI3vox03ss/Yy0MZsrbV9evmxaPSF+gdSoG3z3mIEXBog==",
      "dev": true
    },
    "typescript": {
      "version": "5.3.3",
      "resolved": "https://registry.npmjs.org/typescript/-/typescript-5.3.3.tgz",
      "integrity": "sha512-pXWcraxM0uxAS+tN0AG/BF2TyqmHO014Z070UsJ+pFvYuRSq8KH8DmWpnbXe0pEPDHXZV3FcAbJkijJ5oNEnWw==",
      "dev": true
    }
  }
}
